// !$*UTF8*$!
{
	archiveVersion = 1;
	classes = {
	};
	objectVersion = 56;
	objects = {

/* Begin PBXBuildFile section */
		6D398DB22B1C3ECF00842587 /* Pagination_SwiftUIApp.swift in Sources */ = {isa = PBXBuildFile; fileRef = 6D398DB12B1C3ECF00842587 /* Pagination_SwiftUIApp.swift */; };
		6D398DB42B1C3ECF00842587 /* ContentView.swift in Sources */ = {isa = PBXBuildFile; fileRef = 6D398DB32B1C3ECF00842587 /* ContentView.swift */; };
		6D398DB62B1C3ED000842587 /* Assets.xcassets in Resources */ = {isa = PBXBuildFile; fileRef = 6D398DB52B1C3ED000842587 /* Assets.xcassets */; };
		6D398DB92B1C3ED000842587 /* Preview Assets.xcassets in Resources */ = {isa = PBXBuildFile; fileRef = 6D398DB82B1C3ED000842587 /* Preview Assets.xcassets */; };
		6D398DC12B1C3F6300842587 /* UsersView.swift in Sources */ = {isa = PBXBuildFile; fileRef = 6D398DC02B1C3F6300842587 /* UsersView.swift */; };
		6D398DC32B1C3F7B00842587 /* UsersViewModel.swift in Sources */ = {isa = PBXBuildFile; fileRef = 6D398DC22B1C3F7B00842587 /* UsersViewModel.swift */; };
		6D398DC62B1C3F9B00842587 /* NetworkManager.swift in Sources */ = {isa = PBXBuildFile; fileRef = 6D398DC52B1C3F9B00842587 /* NetworkManager.swift */; };
		6D398DC82B1C424C00842587 /* UserDetailsRowView.swift in Sources */ = {isa = PBXBuildFile; fileRef = 6D398DC72B1C424C00842587 /* UserDetailsRowView.swift */; };
		6D398DCA2B1C438600842587 /* UserModel.swift in Sources */ = {isa = PBXBuildFile; fileRef = 6D398DC92B1C438600842587 /* UserModel.swift */; };
/* End PBXBuildFile section */

/* Begin PBXFileReference section */
		6D398DAE2B1C3ECF00842587 /* Pagination_SwiftUI.app */ = {isa = PBXFileReference; explicitFileType = wrapper.application; includeInIndex = 0; path = Pagination_SwiftUI.app; sourceTree = BUILT_PRODUCTS_DIR; };
		6D398DB12B1C3ECF00842587 /* Pagination_SwiftUIApp.swift */ = {isa = PBXFileReference; lastKnownFileType = sourcecode.swift; path = Pagination_SwiftUIApp.swift; sourceTree = "<group>"; };
		6D398DB32B1C3ECF00842587 /* ContentView.swift */ = {isa = PBXFileReference; lastKnownFileType = sourcecode.swift; path = ContentView.swift; sourceTree = "<group>"; };
		6D398DB52B1C3ED000842587 /* Assets.xcassets */ = {isa = PBXFileReference; lastKnownFileType = folder.assetcatalog; path = Assets.xcassets; sourceTree = "<group>"; };
		6D398DB82B1C3ED000842587 /* Preview Assets.xcassets */ = {isa = PBXFileReference; lastKnownFileType = folder.assetcatalog; path = "Preview Assets.xcassets"; sourceTree = "<group>"; };
		6D398DC02B1C3F6300842587 /* UsersView.swift */ = {isa = PBXFileReference; lastKnownFileType = sourcecode.swift; path = UsersView.swift; sourceTree = "<group>"; };
		6D398DC22B1C3F7B00842587 /* UsersViewModel.swift */ = {isa = PBXFileReference; lastKnownFileType = sourcecode.swift; path = UsersViewModel.swift; sourceTree = "<group>"; };
		6D398DC52B1C3F9B00842587 /* NetworkManager.swift */ = {isa = PBXFileReference; lastKnownFileType = sourcecode.swift; path = NetworkManager.swift; sourceTree = "<group>"; };
		6D398DC72B1C424C00842587 /* UserDetailsRowView.swift */ = {isa = PBXFileReference; lastKnownFileType = sourcecode.swift; path = UserDetailsRowView.swift; sourceTree = "<group>"; };
		6D398DC92B1C438600842587 /* UserModel.swift */ = {isa = PBXFileReference; lastKnownFileType = sourcecode.swift; path = UserModel.swift; sourceTree = "<group>"; };
/* End PBXFileReference section */

/* Begin PBXFrameworksBuildPhase section */
		6D398DAB2B1C3ECF00842587 /* Frameworks */ = {
			isa = PBXFrameworksBuildPhase;
			buildActionMask = 2147483647;
			files = (
			);
			runOnlyForDeploymentPostprocessing = 0;
		};
/* End PBXFrameworksBuildPhase section */

/* Begin PBXGroup section */
		6D398DA52B1C3ECF00842587 = {
			isa = PBXGroup;
			children = (
				6D398DB02B1C3ECF00842587 /* Pagination_SwiftUI */,
				6D398DAF2B1C3ECF00842587 /* Products */,
			);
			sourceTree = "<group>";
		};
		6D398DAF2B1C3ECF00842587 /* Products */ = {
			isa = PBXGroup;
			children = (
				6D398DAE2B1C3ECF00842587 /* Pagination_SwiftUI.app */,
			);
			name = Products;
			sourceTree = "<group>";
		};
		6D398DB02B1C3ECF00842587 /* Pagination_SwiftUI */ = {
			isa = PBXGroup;
			children = (
				6D398DC42B1C3F8200842587 /* Network */,
				6D398DBF2B1C3F0600842587 /* Users */,
				6D398DB12B1C3ECF00842587 /* Pagination_SwiftUIApp.swift */,
				6D398DB32B1C3ECF00842587 /* ContentView.swift */,
				6D398DB52B1C3ED000842587 /* Assets.xcassets */,
				6D398DB72B1C3ED000842587 /* Preview Content */,
			);
			path = Pagination_SwiftUI;
			sourceTree = "<group>";
		};
		6D398DB72B1C3ED000842587 /* Preview Content */ = {
			isa = PBXGroup;
			children = (
				6D398DB82B1C3ED000842587 /* Preview Assets.xcassets */,
			);
			path = "Preview Content";
			sourceTree = "<group>";
		};
		6D398DBF2B1C3F0600842587 /* Users */ = {
			isa = PBXGroup;
			children = (
				6D398DC02B1C3F6300842587 /* UsersView.swift */,
				6D398DC22B1C3F7B00842587 /* UsersViewModel.swift */,
				6D398DC72B1C424C00842587 /* UserDetailsRowView.swift */,
				6D398DC92B1C438600842587 /* UserModel.swift */,
			);
			path = Users;
			sourceTree = "<group>";
		};
		6D398DC42B1C3F8200842587 /* Network */ = {
			isa = PBXGroup;
			children = (
				6D398DC52B1C3F9B00842587 /* NetworkManager.swift */,
			);
			path = Network;
			sourceTree = "<group>";
		};
/* End PBXGroup section */

/* Begin PBXNativeTarget section */
		6D398DAD2B1C3ECF00842587 /* Pagination_SwiftUI */ = {
			isa = PBXNativeTarget;
			buildConfigurationList = 6D398DBC2B1C3ED000842587 /* Build configuration list for PBXNativeTarget "Pagination_SwiftUI" */;
			buildPhases = (
				6D398DAA2B1C3ECF00842587 /* Sources */,
				6D398DAB2B1C3ECF00842587 /* Frameworks */,
				6D398DAC2B1C3ECF00842587 /* Resources */,
			);
			buildRules = (
			);
			dependencies = (
			);
			name = Pagination_SwiftUI;
			productName = Pagination_SwiftUI;
			productReference = 6D398DAE2B1C3ECF00842587 /* Pagination_SwiftUI.app */;
			productType = "com.apple.product-type.application";
		};
/* End PBXNativeTarget section */

/* Begin PBXProject section */
		6D398DA62B1C3ECF00842587 /* Project object */ = {
			isa = PBXProject;
			attributes = {
				BuildIndependentTargetsInParallel = 1;
				LastSwiftUpdateCheck = 1420;
				LastUpgradeCheck = 1420;
				TargetAttributes = {
					6D398DAD2B1C3ECF00842587 = {
						CreatedOnToolsVersion = 14.2;
					};
				};
			};
			buildConfigurationList = 6D398DA92B1C3ECF00842587 /* Build configuration list for PBXProject "Pagination_SwiftUI" */;
			compatibilityVersion = "Xcode 14.0";
			developmentRegion = en;
			hasScannedForEncodings = 0;
			knownRegions = (
				en,
				Base,
			);
			mainGroup = 6D398DA52B1C3ECF00842587;
			productRefGroup = 6D398DAF2B1C3ECF00842587 /* Products */;
			projectDirPath = "";
			projectRoot = "";
			targets = (
				6D398DAD2B1C3ECF00842587 /* Pagination_SwiftUI */,
			);
		};
/* End PBXProject section */

/* Begin PBXResourcesBuildPhase section */
		6D398DAC2B1C3ECF00842587 /* Resources */ = {
			isa = PBXResourcesBuildPhase;
			buildActionMask = 2147483647;
			files = (
				6D398DB92B1C3ED000842587 /* Preview Assets.xcassets in Resources */,
				6D398DB62B1C3ED000842587 /* Assets.xcassets in Resources */,
			);
			runOnlyForDeploymentPostprocessing = 0;
		};
/* End PBXResourcesBuildPhase section */

/* Begin PBXSourcesBuildPhase section */
		6D398DAA2B1C3ECF00842587 /* Sources */ = {
			isa = PBXSourcesBuildPhase;
			buildActionMask = 2147483647;
			files = (
				6D398DB42B1C3ECF00842587 /* ContentView.swift in Sources */,
				6D398DCA2B1C438600842587 /* UserModel.swift in Sources */,
				6D398DC32B1C3F7B00842587 /* UsersViewModel.swift in Sources */,
				6D398DC62B1C3F9B00842587 /* NetworkManager.swift in Sources */,
				6D398DB22B1C3ECF00842587 /* Pagination_SwiftUIApp.swift in Sources */,
				6D398DC12B1C3F6300842587 /* UsersView.swift in Sources */,
				6D398DC82B1C424C00842587 /* UserDetailsRowView.swift in Sources */,
			);
			runOnlyForDeploymentPostprocessing = 0;
		};
/* End PBXSourcesBuildPhase section */

/* Begin XCBuildConfiguration section */
		6D398DBA2B1C3ED000842587 /* Debug */ = {
			isa = XCBuildConfiguration;
			buildSettings = {
				ALWAYS_SEARCH_USER_PATHS = NO;
				CLANG_ANALYZER_NONNULL = YES;
				CLANG_ANALYZER_NUMBER_OBJECT_CONVERSION = YES_AGGRESSIVE;
				CLANG_CXX_LANGUAGE_STANDARD = "gnu++20";
				CLANG_ENABLE_MODULES = YES;
				CLANG_ENABLE_OBJC_ARC = YES;
				CLANG_ENABLE_OBJC_WEAK = YES;
				CLANG_WARN_BLOCK_CAPTURE_AUTORELEASING = YES;
				CLANG_WARN_BOOL_CONVERSION = YES;
				CLANG_WARN_COMMA = YES;
				CLANG_WARN_CONSTANT_CONVERSION = YES;
				CLANG_WARN_DEPRECATED_OBJC_IMPLEMENTATIONS = YES;
				CLANG_WARN_DIRECT_OBJC_ISA_USAGE = YES_ERROR;
				CLANG_WARN_DOCUMENTATION_COMMENTS = YES;
				CLANG_WARN_EMPTY_BODY = YES;
				CLANG_WARN_ENUM_CONVERSION = YES;
				CLANG_WARN_INFINITE_RECURSION = YES;
				CLANG_WARN_INT_CONVERSION = YES;
				CLANG_WARN_NON_LITERAL_NULL_CONVERSION = YES;
				CLANG_WARN_OBJC_IMPLICIT_RETAIN_SELF = YES;
				CLANG_WARN_OBJC_LITERAL_CONVERSION = YES;
				CLANG_WARN_OBJC_ROOT_CLASS = YES_ERROR;
				CLANG_WARN_QUOTED_INCLUDE_IN_FRAMEWORK_HEADER = YES;
				CLANG_WARN_RANGE_LOOP_ANALYSIS = YES;
				CLANG_WARN_STRICT_PROTOTYPES = YES;
				CLANG_WARN_SUSPICIOUS_MOVE = YES;
				CLANG_WARN_UNGUARDED_AVAILABILITY = YES_AGGRESSIVE;
				CLANG_WARN_UNREACHABLE_CODE = YES;
				CLANG_WARN__DUPLICATE_METHOD_MATCH = YES;
				COPY_PHASE_STRIP = NO;
				DEBUG_INFORMATION_FORMAT = dwarf;
				ENABLE_STRICT_OBJC_MSGSEND = YES;
				ENABLE_TESTABILITY = YES;
				GCC_C_LANGUAGE_STANDARD = gnu11;
				GCC_DYNAMIC_NO_PIC = NO;
				GCC_NO_COMMON_BLOCKS = YES;
				GCC_OPTIMIZATION_LEVEL = 0;
				GCC_PREPROCESSOR_DEFINITIONS = (
					"DEBUG=1",
					"$(inherited)",
				);
				GCC_WARN_64_TO_32_BIT_CONVERSION = YES;
				GCC_WARN_ABOUT_RETURN_TYPE = YES_ERROR;
				GCC_WARN_UNDECLARED_SELECTOR = YES;
				GCC_WARN_UNINITIALIZED_AUTOS = YES_AGGRESSIVE;
				GCC_WARN_UNUSED_FUNCTION = YES;
				GCC_WARN_UNUSED_VARIABLE = YES;
				IPHONEOS_DEPLOYMENT_TARGET = 16.2;
				MTL_ENABLE_DEBUG_INFO = INCLUDE_SOURCE;
				MTL_FAST_MATH = YES;
				ONLY_ACTIVE_ARCH = YES;
				SDKROOT = iphoneos;
				SWIFT_ACTIVE_COMPILATION_CONDITIONS = DEBUG;
				SWIFT_OPTIMIZATION_LEVEL = "-Onone";
			};
			name = Debug;
		};
		6D398DBB2B1C3ED000842587 /* Release */ = {
			isa = XCBuildConfiguration;
			buildSettings = {
				ALWAYS_SEARCH_USER_PATHS = NO;
				CLANG_ANALYZER_NONNULL = YES;
				CLANG_ANALYZER_NUMBER_OBJECT_CONVERSION = YES_AGGRESSIVE;
				CLANG_CXX_LANGUAGE_STANDARD = "gnu++20";
				CLANG_ENABLE_MODULES = YES;
				CLANG_ENABLE_OBJC_ARC = YES;
				CLANG_ENABLE_OBJC_WEAK = YES;
				CLANG_WARN_BLOCK_CAPTURE_AUTORELEASING = YES;
				CLANG_WARN_BOOL_CONVERSION = YES;
				CLANG_WARN_COMMA = YES;
				CLANG_WARN_CONSTANT_CONVERSION = YES;
				CLANG_WARN_DEPRECATED_OBJC_IMPLEMENTATIONS = YES;
				CLANG_WARN_DIRECT_OBJC_ISA_USAGE = YES_ERROR;
				CLANG_WARN_DOCUMENTATION_COMMENTS = YES;
				CLANG_WARN_EMPTY_BODY = YES;
				CLANG_WARN_ENUM_CONVERSION = YES;
				CLANG_WARN_INFINITE_RECURSION = YES;
				CLANG_WARN_INT_CONVERSION = YES;
				CLANG_WARN_NON_LITERAL_NULL_CONVERSION = YES;
				CLANG_WARN_OBJC_IMPLICIT_RETAIN_SELF = YES;
				CLANG_WARN_OBJC_LITERAL_CONVERSION = YES;
				CLANG_WARN_OBJC_ROOT_CLASS = YES_ERROR;
				CLANG_WARN_QUOTED_INCLUDE_IN_FRAMEWORK_HEADER = YES;
				CLANG_WARN_RANGE_LOOP_ANALYSIS = YES;
				CLANG_WARN_STRICT_PROTOTYPES = YES;
				CLANG_WARN_SUSPICIOUS_MOVE = YES;
				CLANG_WARN_UNGUARDED_AVAILABILITY = YES_AGGRESSIVE;
				CLANG_WARN_UNREACHABLE_CODE = YES;
				CLANG_WARN__DUPLICATE_METHOD_MATCH = YES;
				COPY_PHASE_STRIP = NO;
				DEBUG_INFORMATION_FORMAT = "dwarf-with-dsym";
				ENABLE_NS_ASSERTIONS = NO;
				ENABLE_STRICT_OBJC_MSGSEND = YES;
				GCC_C_LANGUAGE_STANDARD = gnu11;
				GCC_NO_COMMON_BLOCKS = YES;
				GCC_WARN_64_TO_32_BIT_CONVERSION = YES;
				GCC_WARN_ABOUT_RETURN_TYPE = YES_ERROR;
				GCC_WARN_UNDECLARED_SELECTOR = YES;
				GCC_WARN_UNINITIALIZED_AUTOS = YES_AGGRESSIVE;
				GCC_WARN_UNUSED_FUNCTION = YES;
				GCC_WARN_UNUSED_VARIABLE = YES;
				IPHONEOS_DEPLOYMENT_TARGET = 16.2;
				MTL_ENABLE_DEBUG_INFO = NO;
				MTL_FAST_MATH = YES;
				SDKROOT = iphoneos;
				SWIFT_COMPILATION_MODE = wholemodule;
				SWIFT_OPTIMIZATION_LEVEL = "-O";
				VALIDATE_PRODUCT = YES;
			};
			name = Release;
		};
		6D398DBD2B1C3ED000842587 /* Debug */ = {
			isa = XCBuildConfiguration;
			buildSettings = {
				ASSETCATALOG_COMPILER_APPICON_NAME = AppIcon;
				ASSETCATALOG_COMPILER_GLOBAL_ACCENT_COLOR_NAME = AccentColor;
				CODE_SIGN_STYLE = Automatic;
				CURRENT_PROJECT_VERSION = 1;
				DEVELOPMENT_ASSET_PATHS = "\"Pagination_SwiftUI/Preview Content\"";
				ENABLE_PREVIEWS = YES;
				GENERATE_INFOPLIST_FILE = YES;
				INFOPLIST_KEY_UIApplicationSceneManifest_Generation = YES;
				INFOPLIST_KEY_UIApplicationSupportsIndirectInputEvents = YES;
				INFOPLIST_KEY_UILaunchScreen_Generation = YES;
				INFOPLIST_KEY_UISupportedInterfaceOrientations_iPad = "UIInterfaceOrientationPortrait UIInterfaceOrientationPortraitUpsideDown UIInterfaceOrientationLandscapeLeft UIInterfaceOrientationLandscapeRight";
				INFOPLIST_KEY_UISupportedInterfaceOrientations_iPhone = "UIInterfaceOrientationPortrait UIInterfaceOrientationLandscapeLeft UIInterfaceOrientationLandscapeRight";
				LD_RUNPATH_SEARCH_PATHS = (
					"$(inherited)",
					"@executable_path/Frameworks",
				);
				MARKETING_VERSION = 1.0;
				PRODUCT_BUNDLE_IDENTIFIER = "maheComp.Pagination-SwiftUI";
				PRODUCT_NAME = "$(TARGET_NAME)";
				SWIFT_EMIT_LOC_STRINGS = YES;
				SWIFT_VERSION = 5.0;
				TARGETED_DEVICE_FAMILY = "1,2";
			};
			name = Debug;
		};
		6D398DBE2B1C3ED000842587 /* Release */ = {
			isa = XCBuildConfiguration;
			buildSettings = {
				ASSETCATALOG_COMPILER_APPICON_NAME = AppIcon;
				ASSETCATALOG_COMPILER_GLOBAL_ACCENT_COLOR_NAME = AccentColor;
				CODE_SIGN_STYLE = Automatic;
				CURRENT_PROJECT_VERSION = 1;
				DEVELOPMENT_ASSET_PATHS = "\"Pagination_SwiftUI/Preview Content\"";
				ENABLE_PREVIEWS = YES;
				GENERATE_INFOPLIST_FILE = YES;
				INFOPLIST_KEY_UIApplicationSceneManifest_Generation = YES;
				INFOPLIST_KEY_UIApplicationSupportsIndirectInputEvents = YES;
				INFOPLIST_KEY_UILaunchScreen_Generation = YES;
				INFOPLIST_KEY_UISupportedInterfaceOrientations_iPad = "UIInterfaceOrientationPortrait UIInterfaceOrientationPortraitUpsideDown UIInterfaceOrientationLandscapeLeft UIInterfaceOrientationLandscapeRight";
				INFOPLIST_KEY_UISupportedInterfaceOrientations_iPhone = "UIInterfaceOrientationPortrait UIInterfaceOrientationLandscapeLeft UIInterfaceOrientationLandscapeRight";
				LD_RUNPATH_SEARCH_PATHS = (
					"$(inherited)",
					"@executable_path/Frameworks",
				);
				MARKETING_VERSION = 1.0;
				PRODUCT_BUNDLE_IDENTIFIER = "maheComp.Pagination-SwiftUI";
				PRODUCT_NAME = "$(TARGET_NAME)";
				SWIFT_EMIT_LOC_STRINGS = YES;
				SWIFT_VERSION = 5.0;
				TARGETED_DEVICE_FAMILY = "1,2";
			};
			name = Release;
		};
/* End XCBuildConfiguration section */

/* Begin XCConfigurationList section */
		6D398DA92B1C3ECF00842587 /* Build configuration list for PBXProject "Pagination_SwiftUI" */ = {
			isa = XCConfigurationList;
			buildConfigurations = (
				6D398DBA2B1C3ED000842587 /* Debug */,
				6D398DBB2B1C3ED000842587 /* Release */,
			);
			defaultConfigurationIsVisible = 0;
			defaultConfigurationName = Release;
		};
		6D398DBC2B1C3ED000842587 /* Build configuration list for PBXNativeTarget "Pagination_SwiftUI" */ = {
			isa = XCConfigurationList;
			buildConfigurations = (
				6D398DBD2B1C3ED000842587 /* Debug */,
				6D398DBE2B1C3ED000842587 /* Release */,
			);
			defaultConfigurationIsVisible = 0;
			defaultConfigurationName = Release;
		};
/* End XCConfigurationList section */
	};
	rootObject = 6D398DA62B1C3ECF00842587 /* Project object */;
}
